// !$*UTF8*$!
{
	archiveVersion = 1;
	classes = {
	};
	objectVersion = 46;
	objects = {

/* Begin PBXBuildFile section */
		C87414621DF89F8200B750B6 /* AppDelegate.swift in Sources */ = {isa = PBXBuildFile; fileRef = C87414611DF89F8200B750B6 /* AppDelegate.swift */; };
		C87414641DF89F8200B750B6 /* ViewController.swift in Sources */ = {isa = PBXBuildFile; fileRef = C87414631DF89F8200B750B6 /* ViewController.swift */; };
		C87414671DF89F8200B750B6 /* Main.storyboard in Resources */ = {isa = PBXBuildFile; fileRef = C87414651DF89F8200B750B6 /* Main.storyboard */; };
		C87414691DF89F8200B750B6 /* Assets.xcassets in Resources */ = {isa = PBXBuildFile; fileRef = C87414681DF89F8200B750B6 /* Assets.xcassets */; };
		C874146C1DF89F8200B750B6 /* LaunchScreen.storyboard in Resources */ = {isa = PBXBuildFile; fileRef = C874146A1DF89F8200B750B6 /* LaunchScreen.storyboard */; };
		C87414771DF89F8200B750B6 /* JournalTests.swift in Sources */ = {isa = PBXBuildFile; fileRef = C87414761DF89F8200B750B6 /* JournalTests.swift */; };
		C87414821DF89F8200B750B6 /* JournalUITests.swift in Sources */ = {isa = PBXBuildFile; fileRef = C87414811DF89F8200B750B6 /* JournalUITests.swift */; };
/* End PBXBuildFile section */

/* Begin PBXContainerItemProxy section */
		C87414731DF89F8200B750B6 /* PBXContainerItemProxy */ = {
			isa = PBXContainerItemProxy;
			containerPortal = C87414561DF89F8100B750B6 /* Project object */;
			proxyType = 1;
			remoteGlobalIDString = C874145D1DF89F8100B750B6;
			remoteInfo = Journal;
		};
		C874147E1DF89F8200B750B6 /* PBXContainerItemProxy */ = {
			isa = PBXContainerItemProxy;
			containerPortal = C87414561DF89F8100B750B6 /* Project object */;
			proxyType = 1;
			remoteGlobalIDString = C874145D1DF89F8100B750B6;
			remoteInfo = Journal;
		};
/* End PBXContainerItemProxy section */

/* Begin PBXFileReference section */
		C874145E1DF89F8200B750B6 /* Journal.app */ = {isa = PBXFileReference; explicitFileType = wrapper.application; includeInIndex = 0; path = Journal.app; sourceTree = BUILT_PRODUCTS_DIR; };
		C87414611DF89F8200B750B6 /* AppDelegate.swift */ = {isa = PBXFileReference; lastKnownFileType = sourcecode.swift; path = AppDelegate.swift; sourceTree = "<group>"; };
		C87414631DF89F8200B750B6 /* ViewController.swift */ = {isa = PBXFileReference; lastKnownFileType = sourcecode.swift; path = ViewController.swift; sourceTree = "<group>"; };
		C87414661DF89F8200B750B6 /* Base */ = {isa = PBXFileReference; lastKnownFileType = file.storyboard; name = Base; path = Base.lproj/Main.storyboard; sourceTree = "<group>"; };
		C87414681DF89F8200B750B6 /* Assets.xcassets */ = {isa = PBXFileReference; lastKnownFileType = folder.assetcatalog; path = Assets.xcassets; sourceTree = "<group>"; };
		C874146B1DF89F8200B750B6 /* Base */ = {isa = PBXFileReference; lastKnownFileType = file.storyboard; name = Base; path = Base.lproj/LaunchScreen.storyboard; sourceTree = "<group>"; };
		C874146D1DF89F8200B750B6 /* Info.plist */ = {isa = PBXFileReference; lastKnownFileType = text.plist.xml; path = Info.plist; sourceTree = "<group>"; };
		C87414721DF89F8200B750B6 /* JournalTests.xctest */ = {isa = PBXFileReference; explicitFileType = wrapper.cfbundle; includeInIndex = 0; path = JournalTests.xctest; sourceTree = BUILT_PRODUCTS_DIR; };
		C87414761DF89F8200B750B6 /* JournalTests.swift */ = {isa = PBXFileReference; lastKnownFileType = sourcecode.swift; path = JournalTests.swift; sourceTree = "<group>"; };
		C87414781DF89F8200B750B6 /* Info.plist */ = {isa = PBXFileReference; lastKnownFileType = text.plist.xml; path = Info.plist; sourceTree = "<group>"; };
		C874147D1DF89F8200B750B6 /* JournalUITests.xctest */ = {isa = PBXFileReference; explicitFileType = wrapper.cfbundle; includeInIndex = 0; path = JournalUITests.xctest; sourceTree = BUILT_PRODUCTS_DIR; };
		C87414811DF89F8200B750B6 /* JournalUITests.swift */ = {isa = PBXFileReference; lastKnownFileType = sourcecode.swift; path = JournalUITests.swift; sourceTree = "<group>"; };
		C87414831DF89F8200B750B6 /* Info.plist */ = {isa = PBXFileReference; lastKnownFileType = text.plist.xml; path = Info.plist; sourceTree = "<group>"; };
/* End PBXFileReference section */

/* Begin PBXFrameworksBuildPhase section */
		C874145B1DF89F8100B750B6 /* Frameworks */ = {
			isa = PBXFrameworksBuildPhase;
			buildActionMask = 2147483647;
			files = (
			);
			runOnlyForDeploymentPostprocessing = 0;
		};
		C874146F1DF89F8200B750B6 /* Frameworks */ = {
			isa = PBXFrameworksBuildPhase;
			buildActionMask = 2147483647;
			files = (
			);
			runOnlyForDeploymentPostprocessing = 0;
		};
		C874147A1DF89F8200B750B6 /* Frameworks */ = {
			isa = PBXFrameworksBuildPhase;
			buildActionMask = 2147483647;
			files = (
			);
			runOnlyForDeploymentPostprocessing = 0;
		};
/* End PBXFrameworksBuildPhase section */

/* Begin PBXGroup section */
		C87414551DF89F8100B750B6 = {
			isa = PBXGroup;
			children = (
				C87414601DF89F8200B750B6 /* Journal */,
				C87414751DF89F8200B750B6 /* JournalTests */,
				C87414801DF89F8200B750B6 /* JournalUITests */,
				C874145F1DF89F8200B750B6 /* Products */,
			);
			sourceTree = "<group>";
		};
		C874145F1DF89F8200B750B6 /* Products */ = {
			isa = PBXGroup;
			children = (
				C874145E1DF89F8200B750B6 /* Journal.app */,
				C87414721DF89F8200B750B6 /* JournalTests.xctest */,
				C874147D1DF89F8200B750B6 /* JournalUITests.xctest */,
			);
			name = Products;
			sourceTree = "<group>";
		};
		C87414601DF89F8200B750B6 /* Journal */ = {
			isa = PBXGroup;
			children = (
				C87414611DF89F8200B750B6 /* AppDelegate.swift */,
				C87414631DF89F8200B750B6 /* ViewController.swift */,
				C87414651DF89F8200B750B6 /* Main.storyboard */,
				C87414681DF89F8200B750B6 /* Assets.xcassets */,
				C874146A1DF89F8200B750B6 /* LaunchScreen.storyboard */,
				C874146D1DF89F8200B750B6 /* Info.plist */,
			);
			path = Journal;
			sourceTree = "<group>";
		};
		C87414751DF89F8200B750B6 /* JournalTests */ = {
			isa = PBXGroup;
			children = (
				C87414761DF89F8200B750B6 /* JournalTests.swift */,
				C87414781DF89F8200B750B6 /* Info.plist */,
			);
			path = JournalTests;
			sourceTree = "<group>";
		};
		C87414801DF89F8200B750B6 /* JournalUITests */ = {
			isa = PBXGroup;
			children = (
				C87414811DF89F8200B750B6 /* JournalUITests.swift */,
				C87414831DF89F8200B750B6 /* Info.plist */,
			);
			path = JournalUITests;
			sourceTree = "<group>";
		};
/* End PBXGroup section */

/* Begin PBXNativeTarget section */
		C874145D1DF89F8100B750B6 /* Journal */ = {
			isa = PBXNativeTarget;
			buildConfigurationList = C87414861DF89F8200B750B6 /* Build configuration list for PBXNativeTarget "Journal" */;
			buildPhases = (
				C874145A1DF89F8100B750B6 /* Sources */,
				C874145B1DF89F8100B750B6 /* Frameworks */,
				C874145C1DF89F8100B750B6 /* Resources */,
			);
			buildRules = (
			);
			dependencies = (
			);
			name = Journal;
			productName = Journal;
			productReference = C874145E1DF89F8200B750B6 /* Journal.app */;
			productType = "com.apple.product-type.application";
		};
		C87414711DF89F8200B750B6 /* JournalTests */ = {
			isa = PBXNativeTarget;
			buildConfigurationList = C87414891DF89F8200B750B6 /* Build configuration list for PBXNativeTarget "JournalTests" */;
			buildPhases = (
				C874146E1DF89F8200B750B6 /* Sources */,
				C874146F1DF89F8200B750B6 /* Frameworks */,
				C87414701DF89F8200B750B6 /* Resources */,
			);
			buildRules = (
			);
			dependencies = (
				C87414741DF89F8200B750B6 /* PBXTargetDependency */,
			);
			name = JournalTests;
			productName = JournalTests;
			productReference = C87414721DF89F8200B750B6 /* JournalTests.xctest */;
			productType = "com.apple.product-type.bundle.unit-test";
		};
		C874147C1DF89F8200B750B6 /* JournalUITests */ = {
			isa = PBXNativeTarget;
			buildConfigurationList = C874148C1DF89F8200B750B6 /* Build configuration list for PBXNativeTarget "JournalUITests" */;
			buildPhases = (
				C87414791DF89F8200B750B6 /* Sources */,
				C874147A1DF89F8200B750B6 /* Frameworks */,
				C874147B1DF89F8200B750B6 /* Resources */,
			);
			buildRules = (
			);
			dependencies = (
				C874147F1DF89F8200B750B6 /* PBXTargetDependency */,
			);
			name = JournalUITests;
			productName = JournalUITests;
			productReference = C874147D1DF89F8200B750B6 /* JournalUITests.xctest */;
			productType = "com.apple.product-type.bundle.ui-testing";
		};
/* End PBXNativeTarget section */

/* Begin PBXProject section */
		C87414561DF89F8100B750B6 /* Project object */ = {
			isa = PBXProject;
			attributes = {
				LastSwiftUpdateCheck = 0810;
				LastUpgradeCheck = 0810;
				ORGANIZATIONNAME = "Filip Mirdita";
				TargetAttributes = {
					C874145D1DF89F8100B750B6 = {
						CreatedOnToolsVersion = 8.1;
						ProvisioningStyle = Automatic;
					};
					C87414711DF89F8200B750B6 = {
						CreatedOnToolsVersion = 8.1;
						ProvisioningStyle = Automatic;
						TestTargetID = C874145D1DF89F8100B750B6;
					};
					C874147C1DF89F8200B750B6 = {
						CreatedOnToolsVersion = 8.1;
						ProvisioningStyle = Automatic;
						TestTargetID = C874145D1DF89F8100B750B6;
					};
				};
			};
			buildConfigurationList = C87414591DF89F8100B750B6 /* Build configuration list for PBXProject "Journal" */;
			compatibilityVersion = "Xcode 3.2";
			developmentRegion = English;
			hasScannedForEncodings = 0;
			knownRegions = (
				en,
				Base,
			);
			mainGroup = C87414551DF89F8100B750B6;
			productRefGroup = C874145F1DF89F8200B750B6 /* Products */;
			projectDirPath = "";
			projectRoot = "";
			targets = (
				C874145D1DF89F8100B750B6 /* Journal */,
				C87414711DF89F8200B750B6 /* JournalTests */,
				C874147C1DF89F8200B750B6 /* JournalUITests */,
			);
		};
/* End PBXProject section */

/* Begin PBXResourcesBuildPhase section */
		C874145C1DF89F8100B750B6 /* Resources */ = {
			isa = PBXResourcesBuildPhase;
			buildActionMask = 2147483647;
			files = (
				C874146C1DF89F8200B750B6 /* LaunchScreen.storyboard in Resources */,
				C87414691DF89F8200B750B6 /* Assets.xcassets in Resources */,
				C87414671DF89F8200B750B6 /* Main.storyboard in Resources */,
			);
			runOnlyForDeploymentPostprocessing = 0;
		};
		C87414701DF89F8200B750B6 /* Resources */ = {
			isa = PBXResourcesBuildPhase;
			buildActionMask = 2147483647;
			files = (
			);
			runOnlyForDeploymentPostprocessing = 0;
		};
		C874147B1DF89F8200B750B6 /* Resources */ = {
			isa = PBXResourcesBuildPhase;
			buildActionMask = 2147483647;
			files = (
			);
			runOnlyForDeploymentPostprocessing = 0;
		};
/* End PBXResourcesBuildPhase section */

/* Begin PBXSourcesBuildPhase section */
		C874145A1DF89F8100B750B6 /* Sources */ = {
			isa = PBXSourcesBuildPhase;
			buildActionMask = 2147483647;
			files = (
				C87414641DF89F8200B750B6 /* ViewController.swift in Sources */,
				C87414621DF89F8200B750B6 /* AppDelegate.swift in Sources */,
			);
			runOnlyForDeploymentPostprocessing = 0;
		};
		C874146E1DF89F8200B750B6 /* Sources */ = {
			isa = PBXSourcesBuildPhase;
			buildActionMask = 2147483647;
			files = (
				C87414771DF89F8200B750B6 /* JournalTests.swift in Sources */,
			);
			runOnlyForDeploymentPostprocessing = 0;
		};
		C87414791DF89F8200B750B6 /* Sources */ = {
			isa = PBXSourcesBuildPhase;
			buildActionMask = 2147483647;
			files = (
				C87414821DF89F8200B750B6 /* JournalUITests.swift in Sources */,
			);
			runOnlyForDeploymentPostprocessing = 0;
		};
/* End PBXSourcesBuildPhase section */

/* Begin PBXTargetDependency section */
		C87414741DF89F8200B750B6 /* PBXTargetDependency */ = {
			isa = PBXTargetDependency;
			target = C874145D1DF89F8100B750B6 /* Journal */;
			targetProxy = C87414731DF89F8200B750B6 /* PBXContainerItemProxy */;
		};
		C874147F1DF89F8200B750B6 /* PBXTargetDependency */ = {
			isa = PBXTargetDependency;
			target = C874145D1DF89F8100B750B6 /* Journal */;
			targetProxy = C874147E1DF89F8200B750B6 /* PBXContainerItemProxy */;
		};
/* End PBXTargetDependency section */

/* Begin PBXVariantGroup section */
		C87414651DF89F8200B750B6 /* Main.storyboard */ = {
			isa = PBXVariantGroup;
			children = (
				C87414661DF89F8200B750B6 /* Base */,
			);
			name = Main.storyboard;
			sourceTree = "<group>";
		};
		C874146A1DF89F8200B750B6 /* LaunchScreen.storyboard */ = {
			isa = PBXVariantGroup;
			children = (
				C874146B1DF89F8200B750B6 /* Base */,
			);
			name = LaunchScreen.storyboard;
			sourceTree = "<group>";
		};
/* End PBXVariantGroup section */

/* Begin XCBuildConfiguration section */
		C87414841DF89F8200B750B6 /* Debug */ = {
			isa = XCBuildConfiguration;
			buildSettings = {
				ALWAYS_SEARCH_USER_PATHS = NO;
				CLANG_ANALYZER_NONNULL = YES;
				CLANG_CXX_LANGUAGE_STANDARD = "gnu++0x";
				CLANG_CXX_LIBRARY = "libc++";
				CLANG_ENABLE_MODULES = YES;
				CLANG_ENABLE_OBJC_ARC = YES;
				CLANG_WARN_BOOL_CONVERSION = YES;
				CLANG_WARN_CONSTANT_CONVERSION = YES;
				CLANG_WARN_DIRECT_OBJC_ISA_USAGE = YES_ERROR;
				CLANG_WARN_DOCUMENTATION_COMMENTS = YES;
				CLANG_WARN_EMPTY_BODY = YES;
				CLANG_WARN_ENUM_CONVERSION = YES;
				CLANG_WARN_INFINITE_RECURSION = YES;
				CLANG_WARN_INT_CONVERSION = YES;
				CLANG_WARN_OBJC_ROOT_CLASS = YES_ERROR;
				CLANG_WARN_SUSPICIOUS_MOVES = YES;
				CLANG_WARN_UNREACHABLE_CODE = YES;
				CLANG_WARN__DUPLICATE_METHOD_MATCH = YES;
				"CODE_SIGN_IDENTITY[sdk=iphoneos*]" = "iPhone Developer";
				COPY_PHASE_STRIP = NO;
				DEBUG_INFORMATION_FORMAT = dwarf;
				ENABLE_STRICT_OBJC_MSGSEND = YES;
				ENABLE_TESTABILITY = YES;
				GCC_C_LANGUAGE_STANDARD = gnu99;
				GCC_DYNAMIC_NO_PIC = NO;
				GCC_NO_COMMON_BLOCKS = YES;
				GCC_OPTIMIZATION_LEVEL = 0;
				GCC_PREPROCESSOR_DEFINITIONS = (
					"DEBUG=1",
					"$(inherited)",
				);
				GCC_WARN_64_TO_32_BIT_CONVERSION = YES;
				GCC_WARN_ABOUT_RETURN_TYPE = YES_ERROR;
				GCC_WARN_UNDECLARED_SELECTOR = YES;
				GCC_WARN_UNINITIALIZED_AUTOS = YES_AGGRESSIVE;
				GCC_WARN_UNUSED_FUNCTION = YES;
				GCC_WARN_UNUSED_VARIABLE = YES;
				IPHONEOS_DEPLOYMENT_TARGET = 10.1;
				MTL_ENABLE_DEBUG_INFO = YES;
				ONLY_ACTIVE_ARCH = YES;
				SDKROOT = iphoneos;
				SWIFT_ACTIVE_COMPILATION_CONDITIONS = DEBUG;
				SWIFT_OPTIMIZATION_LEVEL = "-Onone";
				TARGETED_DEVICE_FAMILY = "1,2";
			};
			name = Debug;
		};
		C87414851DF89F8200B750B6 /* Release */ = {
			isa = XCBuildConfiguration;
			buildSettings = {
				ALWAYS_SEARCH_USER_PATHS = NO;
				CLANG_ANALYZER_NONNULL = YES;
				CLANG_CXX_LANGUAGE_STANDARD = "gnu++0x";
				CLANG_CXX_LIBRARY = "libc++";
				CLANG_ENABLE_MODULES = YES;
				CLANG_ENABLE_OBJC_ARC = YES;
				CLANG_WARN_BOOL_CONVERSION = YES;
				CLANG_WARN_CONSTANT_CONVERSION = YES;
				CLANG_WARN_DIRECT_OBJC_ISA_USAGE = YES_ERROR;
				CLANG_WARN_DOCUMENTATION_COMMENTS = YES;
				CLANG_WARN_EMPTY_BODY = YES;
				CLANG_WARN_ENUM_CONVERSION = YES;
				CLANG_WARN_INFINITE_RECURSION = YES;
				CLANG_WARN_INT_CONVERSION = YES;
				CLANG_WARN_OBJC_ROOT_CLASS = YES_ERROR;
				CLANG_WARN_SUSPICIOUS_MOVES = YES;
				CLANG_WARN_UNREACHABLE_CODE = YES;
				CLANG_WARN__DUPLICATE_METHOD_MATCH = YES;
				"CODE_SIGN_IDENTITY[sdk=iphoneos*]" = "iPhone Developer";
				COPY_PHASE_STRIP = NO;
				DEBUG_INFORMATION_FORMAT = "dwarf-with-dsym";
				ENABLE_NS_ASSERTIONS = NO;
				ENABLE_STRICT_OBJC_MSGSEND = YES;
				GCC_C_LANGUAGE_STANDARD = gnu99;
				GCC_NO_COMMON_BLOCKS = YES;
				GCC_WARN_64_TO_32_BIT_CONVERSION = YES;
				GCC_WARN_ABOUT_RETURN_TYPE = YES_ERROR;
				GCC_WARN_UNDECLARED_SELECTOR = YES;
				GCC_WARN_UNINITIALIZED_AUTOS = YES_AGGRESSIVE;
				GCC_WARN_UNUSED_FUNCTION = YES;
				GCC_WARN_UNUSED_VARIABLE = YES;
				IPHONEOS_DEPLOYMENT_TARGET = 10.1;
				MTL_ENABLE_DEBUG_INFO = NO;
				SDKROOT = iphoneos;
				SWIFT_OPTIMIZATION_LEVEL = "-Owholemodule";
				TARGETED_DEVICE_FAMILY = "1,2";
				VALIDATE_PRODUCT = YES;
			};
			name = Release;
		};
		C87414871DF89F8200B750B6 /* Debug */ = {
			isa = XCBuildConfiguration;
			buildSettings = {
				ASSETCATALOG_COMPILER_APPICON_NAME = AppIcon;
				INFOPLIST_FILE = Journal/Info.plist;
				LD_RUNPATH_SEARCH_PATHS = "$(inherited) @executable_path/Frameworks";
				PRODUCT_BUNDLE_IDENTIFIER = fmirdita.toDoList.Journal;
				PRODUCT_NAME = "$(TARGET_NAME)";
				SWIFT_VERSION = 3.0;
			};
			name = Debug;
		};
		C87414881DF89F8200B750B6 /* Release */ = {
			isa = XCBuildConfiguration;
			buildSettings = {
				ASSETCATALOG_COMPILER_APPICON_NAME = AppIcon;
				INFOPLIST_FILE = Journal/Info.plist;
				LD_RUNPATH_SEARCH_PATHS = "$(inherited) @executable_path/Frameworks";
				PRODUCT_BUNDLE_IDENTIFIER = fmirdita.toDoList.Journal;
				PRODUCT_NAME = "$(TARGET_NAME)";
				SWIFT_VERSION = 3.0;
			};
			name = Release;
		};
		C874148A1DF89F8200B750B6 /* Debug */ = {
			isa = XCBuildConfiguration;
			buildSettings = {
				ALWAYS_EMBED_SWIFT_STANDARD_LIBRARIES = YES;
				BUNDLE_LOADER = "$(TEST_HOST)";
				INFOPLIST_FILE = JournalTests/Info.plist;
				LD_RUNPATH_SEARCH_PATHS = "$(inherited) @executable_path/Frameworks @loader_path/Frameworks";
				PRODUCT_BUNDLE_IDENTIFIER = fmirdita.toDoList.JournalTests;
				PRODUCT_NAME = "$(TARGET_NAME)";
				SWIFT_VERSION = 3.0;
				TEST_HOST = "$(BUILT_PRODUCTS_DIR)/Journal.app/Journal";
			};
			name = Debug;
		};
		C874148B1DF89F8200B750B6 /* Release */ = {
			isa = XCBuildConfiguration;
			buildSettings = {
				ALWAYS_EMBED_SWIFT_STANDARD_LIBRARIES = YES;
				BUNDLE_LOADER = "$(TEST_HOST)";
				INFOPLIST_FILE = JournalTests/Info.plist;
				LD_RUNPATH_SEARCH_PATHS = "$(inherited) @executable_path/Frameworks @loader_path/Frameworks";
				PRODUCT_BUNDLE_IDENTIFIER = fmirdita.toDoList.JournalTests;
				PRODUCT_NAME = "$(TARGET_NAME)";
				SWIFT_VERSION = 3.0;
				TEST_HOST = "$(BUILT_PRODUCTS_DIR)/Journal.app/Journal";
			};
			name = Release;
		};
		C874148D1DF89F8200B750B6 /* Debug */ = {
			isa = XCBuildConfiguration;
			buildSettings = {
				ALWAYS_EMBED_SWIFT_STANDARD_LIBRARIES = YES;
				INFOPLIST_FILE = JournalUITests/Info.plist;
				LD_RUNPATH_SEARCH_PATHS = "$(inherited) @executable_path/Frameworks @loader_path/Frameworks";
				PRODUCT_BUNDLE_IDENTIFIER = fmirdita.toDoList.JournalUITests;
				PRODUCT_NAME = "$(TARGET_NAME)";
				SWIFT_VERSION = 3.0;
				TEST_TARGET_NAME = Journal;
			};
			name = Debug;
		};
		C874148E1DF89F8200B750B6 /* Release */ = {
			isa = XCBuildConfiguration;
			buildSettings = {
				ALWAYS_EMBED_SWIFT_STANDARD_LIBRARIES = YES;
				INFOPLIST_FILE = JournalUITests/Info.plist;
				LD_RUNPATH_SEARCH_PATHS = "$(inherited) @executable_path/Frameworks @loader_path/Frameworks";
				PRODUCT_BUNDLE_IDENTIFIER = fmirdita.toDoList.JournalUITests;
				PRODUCT_NAME = "$(TARGET_NAME)";
				SWIFT_VERSION = 3.0;
				TEST_TARGET_NAME = Journal;
			};
			name = Release;
		};
/* End XCBuildConfiguration section */

/* Begin XCConfigurationList section */
		C87414591DF89F8100B750B6 /* Build configuration list for PBXProject "Journal" */ = {
			isa = XCConfigurationList;
			buildConfigurations = (
				C87414841DF89F8200B750B6 /* Debug */,
				C87414851DF89F8200B750B6 /* Release */,
			);
			defaultConfigurationIsVisible = 0;
			defaultConfigurationName = Release;
		};
		C87414861DF89F8200B750B6 /* Build configuration list for PBXNativeTarget "Journal" */ = {
			isa = XCConfigurationList;
			buildConfigurations = (
				C87414871DF89F8200B750B6 /* Debug */,
				C87414881DF89F8200B750B6 /* Release */,
			);
			defaultConfigurationIsVisible = 0;
		};
		C87414891DF89F8200B750B6 /* Build configuration list for PBXNativeTarget "JournalTests" */ = {
			isa = XCConfigurationList;
			buildConfigurations = (
				C874148A1DF89F8200B750B6 /* Debug */,
				C874148B1DF89F8200B750B6 /* Release */,
			);
			defaultConfigurationIsVisible = 0;
		};
		C874148C1DF89F8200B750B6 /* Build configuration list for PBXNativeTarget "JournalUITests" */ = {
			isa = XCConfigurationList;
			buildConfigurations = (
				C874148D1DF89F8200B750B6 /* Debug */,
				C874148E1DF89F8200B750B6 /* Release */,
			);
			defaultConfigurationIsVisible = 0;
		};
/* End XCConfigurationList section */
	};
	rootObject = C87414561DF89F8100B750B6 /* Project object */;
}
